// !$*UTF8*$!
{
	archiveVersion = 1;
	classes = {
	};
	objectVersion = 46;
	objects = {

/* Begin PBXBuildFile section */
		F70685611C033670009711DE /* PhotoAlbumCollectionViewCell.swift in Sources */ = {isa = PBXBuildFile; fileRef = F70685601C033670009711DE /* PhotoAlbumCollectionViewCell.swift */; };
		F70685631C03E06C009711DE /* FlickrFinder.swift in Sources */ = {isa = PBXBuildFile; fileRef = F70685621C03E06C009711DE /* FlickrFinder.swift */; };
		F725430F1C086421000911C5 /* Pin.swift in Sources */ = {isa = PBXBuildFile; fileRef = F725430E1C086421000911C5 /* Pin.swift */; };
		F72543111C086A51000911C5 /* Photo.swift in Sources */ = {isa = PBXBuildFile; fileRef = F72543101C086A51000911C5 /* Photo.swift */; };
		F72543131C086C0C000911C5 /* ImageCache.swift in Sources */ = {isa = PBXBuildFile; fileRef = F72543121C086C0C000911C5 /* ImageCache.swift */; };
		F72543161C087787000911C5 /* Model.xcdatamodeld in Sources */ = {isa = PBXBuildFile; fileRef = F72543141C087787000911C5 /* Model.xcdatamodeld */; };
		F72543181C08F8E7000911C5 /* CoreDataStackManager.swift in Sources */ = {isa = PBXBuildFile; fileRef = F72543171C08F8E7000911C5 /* CoreDataStackManager.swift */; };
		F725431A1C0AA0F0000911C5 /* Trip.swift in Sources */ = {isa = PBXBuildFile; fileRef = F72543191C0AA0F0000911C5 /* Trip.swift */; };
		F7EE838C1C022AFD005D1F2C /* AppDelegate.swift in Sources */ = {isa = PBXBuildFile; fileRef = F7EE838B1C022AFD005D1F2C /* AppDelegate.swift */; };
		F7EE838E1C022AFD005D1F2C /* MapViewController.swift in Sources */ = {isa = PBXBuildFile; fileRef = F7EE838D1C022AFD005D1F2C /* MapViewController.swift */; };
		F7EE83911C022AFD005D1F2C /* Main.storyboard in Resources */ = {isa = PBXBuildFile; fileRef = F7EE838F1C022AFD005D1F2C /* Main.storyboard */; };
		F7EE83931C022AFD005D1F2C /* Assets.xcassets in Resources */ = {isa = PBXBuildFile; fileRef = F7EE83921C022AFD005D1F2C /* Assets.xcassets */; };
		F7EE83961C022AFD005D1F2C /* LaunchScreen.storyboard in Resources */ = {isa = PBXBuildFile; fileRef = F7EE83941C022AFD005D1F2C /* LaunchScreen.storyboard */; };
		F7EE83A11C022AFD005D1F2C /* VirtualTourist2Tests.swift in Sources */ = {isa = PBXBuildFile; fileRef = F7EE83A01C022AFD005D1F2C /* VirtualTourist2Tests.swift */; };
		F7EE83AC1C022AFD005D1F2C /* VirtualTourist2UITests.swift in Sources */ = {isa = PBXBuildFile; fileRef = F7EE83AB1C022AFD005D1F2C /* VirtualTourist2UITests.swift */; };
		F7EE83BA1C022B1E005D1F2C /* MapKit.framework in Frameworks */ = {isa = PBXBuildFile; fileRef = F7EE83B91C022B1E005D1F2C /* MapKit.framework */; };
		F7EE83BC1C02529C005D1F2C /* PhotoAlbumViewController.swift in Sources */ = {isa = PBXBuildFile; fileRef = F7EE83BB1C02529C005D1F2C /* PhotoAlbumViewController.swift */; };
		F7EE83BE1C027FE3005D1F2C /* MapProperties.swift in Sources */ = {isa = PBXBuildFile; fileRef = F7EE83BD1C027FE3005D1F2C /* MapProperties.swift */; };
/* End PBXBuildFile section */

/* Begin PBXContainerItemProxy section */
		F7EE839D1C022AFD005D1F2C /* PBXContainerItemProxy */ = {
			isa = PBXContainerItemProxy;
			containerPortal = F7EE83801C022AFC005D1F2C /* Project object */;
			proxyType = 1;
			remoteGlobalIDString = F7EE83871C022AFC005D1F2C;
			remoteInfo = VirtualTourist2;
		};
		F7EE83A81C022AFD005D1F2C /* PBXContainerItemProxy */ = {
			isa = PBXContainerItemProxy;
			containerPortal = F7EE83801C022AFC005D1F2C /* Project object */;
			proxyType = 1;
			remoteGlobalIDString = F7EE83871C022AFC005D1F2C;
			remoteInfo = VirtualTourist2;
		};
/* End PBXContainerItemProxy section */

/* Begin PBXFileReference section */
		F70685601C033670009711DE /* PhotoAlbumCollectionViewCell.swift */ = {isa = PBXFileReference; fileEncoding = 4; lastKnownFileType = sourcecode.swift; path = PhotoAlbumCollectionViewCell.swift; sourceTree = "<group>"; };
		F70685621C03E06C009711DE /* FlickrFinder.swift */ = {isa = PBXFileReference; fileEncoding = 4; lastKnownFileType = sourcecode.swift; path = FlickrFinder.swift; sourceTree = "<group>"; };
		F725430E1C086421000911C5 /* Pin.swift */ = {isa = PBXFileReference; fileEncoding = 4; lastKnownFileType = sourcecode.swift; path = Pin.swift; sourceTree = "<group>"; };
		F72543101C086A51000911C5 /* Photo.swift */ = {isa = PBXFileReference; fileEncoding = 4; lastKnownFileType = sourcecode.swift; path = Photo.swift; sourceTree = "<group>"; };
		F72543121C086C0C000911C5 /* ImageCache.swift */ = {isa = PBXFileReference; fileEncoding = 4; lastKnownFileType = sourcecode.swift; path = ImageCache.swift; sourceTree = "<group>"; };
		F72543151C087787000911C5 /* Model.xcdatamodel */ = {isa = PBXFileReference; lastKnownFileType = wrapper.xcdatamodel; path = Model.xcdatamodel; sourceTree = "<group>"; };
		F72543171C08F8E7000911C5 /* CoreDataStackManager.swift */ = {isa = PBXFileReference; fileEncoding = 4; lastKnownFileType = sourcecode.swift; path = CoreDataStackManager.swift; sourceTree = "<group>"; };
		F72543191C0AA0F0000911C5 /* Trip.swift */ = {isa = PBXFileReference; fileEncoding = 4; lastKnownFileType = sourcecode.swift; path = Trip.swift; sourceTree = "<group>"; };
		F7EE83881C022AFC005D1F2C /* VirtualTourist2.app */ = {isa = PBXFileReference; explicitFileType = wrapper.application; includeInIndex = 0; path = VirtualTourist2.app; sourceTree = BUILT_PRODUCTS_DIR; };
		F7EE838B1C022AFD005D1F2C /* AppDelegate.swift */ = {isa = PBXFileReference; lastKnownFileType = sourcecode.swift; path = AppDelegate.swift; sourceTree = "<group>"; };
		F7EE838D1C022AFD005D1F2C /* MapViewController.swift */ = {isa = PBXFileReference; lastKnownFileType = sourcecode.swift; path = MapViewController.swift; sourceTree = "<group>"; };
		F7EE83901C022AFD005D1F2C /* Base */ = {isa = PBXFileReference; lastKnownFileType = file.storyboard; name = Base; path = Base.lproj/Main.storyboard; sourceTree = "<group>"; };
		F7EE83921C022AFD005D1F2C /* Assets.xcassets */ = {isa = PBXFileReference; lastKnownFileType = folder.assetcatalog; path = Assets.xcassets; sourceTree = "<group>"; };
		F7EE83951C022AFD005D1F2C /* Base */ = {isa = PBXFileReference; lastKnownFileType = file.storyboard; name = Base; path = Base.lproj/LaunchScreen.storyboard; sourceTree = "<group>"; };
		F7EE83971C022AFD005D1F2C /* Info.plist */ = {isa = PBXFileReference; lastKnownFileType = text.plist.xml; path = Info.plist; sourceTree = "<group>"; };
		F7EE839C1C022AFD005D1F2C /* VirtualTourist2Tests.xctest */ = {isa = PBXFileReference; explicitFileType = wrapper.cfbundle; includeInIndex = 0; path = VirtualTourist2Tests.xctest; sourceTree = BUILT_PRODUCTS_DIR; };
		F7EE83A01C022AFD005D1F2C /* VirtualTourist2Tests.swift */ = {isa = PBXFileReference; lastKnownFileType = sourcecode.swift; path = VirtualTourist2Tests.swift; sourceTree = "<group>"; };
		F7EE83A21C022AFD005D1F2C /* Info.plist */ = {isa = PBXFileReference; lastKnownFileType = text.plist.xml; path = Info.plist; sourceTree = "<group>"; };
		F7EE83A71C022AFD005D1F2C /* VirtualTourist2UITests.xctest */ = {isa = PBXFileReference; explicitFileType = wrapper.cfbundle; includeInIndex = 0; path = VirtualTourist2UITests.xctest; sourceTree = BUILT_PRODUCTS_DIR; };
		F7EE83AB1C022AFD005D1F2C /* VirtualTourist2UITests.swift */ = {isa = PBXFileReference; lastKnownFileType = sourcecode.swift; path = VirtualTourist2UITests.swift; sourceTree = "<group>"; };
		F7EE83AD1C022AFD005D1F2C /* Info.plist */ = {isa = PBXFileReference; lastKnownFileType = text.plist.xml; path = Info.plist; sourceTree = "<group>"; };
		F7EE83B91C022B1E005D1F2C /* MapKit.framework */ = {isa = PBXFileReference; lastKnownFileType = wrapper.framework; name = MapKit.framework; path = System/Library/Frameworks/MapKit.framework; sourceTree = SDKROOT; };
		F7EE83BB1C02529C005D1F2C /* PhotoAlbumViewController.swift */ = {isa = PBXFileReference; fileEncoding = 4; lastKnownFileType = sourcecode.swift; path = PhotoAlbumViewController.swift; sourceTree = "<group>"; };
		F7EE83BD1C027FE3005D1F2C /* MapProperties.swift */ = {isa = PBXFileReference; fileEncoding = 4; lastKnownFileType = sourcecode.swift; path = MapProperties.swift; sourceTree = "<group>"; };
/* End PBXFileReference section */

/* Begin PBXFrameworksBuildPhase section */
		F7EE83851C022AFC005D1F2C /* Frameworks */ = {
			isa = PBXFrameworksBuildPhase;
			buildActionMask = 2147483647;
			files = (
				F7EE83BA1C022B1E005D1F2C /* MapKit.framework in Frameworks */,
			);
			runOnlyForDeploymentPostprocessing = 0;
		};
		F7EE83991C022AFD005D1F2C /* Frameworks */ = {
			isa = PBXFrameworksBuildPhase;
			buildActionMask = 2147483647;
			files = (
			);
			runOnlyForDeploymentPostprocessing = 0;
		};
		F7EE83A41C022AFD005D1F2C /* Frameworks */ = {
			isa = PBXFrameworksBuildPhase;
			buildActionMask = 2147483647;
			files = (
			);
			runOnlyForDeploymentPostprocessing = 0;
		};
/* End PBXFrameworksBuildPhase section */

/* Begin PBXGroup section */
		F7EE837F1C022AFC005D1F2C = {
			isa = PBXGroup;
			children = (
				F7EE83B91C022B1E005D1F2C /* MapKit.framework */,
				F7EE838A1C022AFC005D1F2C /* VirtualTourist2 */,
				F7EE839F1C022AFD005D1F2C /* VirtualTourist2Tests */,
				F7EE83AA1C022AFD005D1F2C /* VirtualTourist2UITests */,
				F7EE83891C022AFC005D1F2C /* Products */,
			);
			sourceTree = "<group>";
		};
		F7EE83891C022AFC005D1F2C /* Products */ = {
			isa = PBXGroup;
			children = (
				F7EE83881C022AFC005D1F2C /* VirtualTourist2.app */,
				F7EE839C1C022AFD005D1F2C /* VirtualTourist2Tests.xctest */,
				F7EE83A71C022AFD005D1F2C /* VirtualTourist2UITests.xctest */,
			);
			name = Products;
			sourceTree = "<group>";
		};
		F7EE838A1C022AFC005D1F2C /* VirtualTourist2 */ = {
			isa = PBXGroup;
			children = (
				F72543171C08F8E7000911C5 /* CoreDataStackManager.swift */,
				F70685621C03E06C009711DE /* FlickrFinder.swift */,
				F7EE838B1C022AFD005D1F2C /* AppDelegate.swift */,
				F7EE838D1C022AFD005D1F2C /* MapViewController.swift */,
				F7EE838F1C022AFD005D1F2C /* Main.storyboard */,
				F7EE83921C022AFD005D1F2C /* Assets.xcassets */,
				F7EE83941C022AFD005D1F2C /* LaunchScreen.storyboard */,
				F7EE83971C022AFD005D1F2C /* Info.plist */,
				F7EE83BB1C02529C005D1F2C /* PhotoAlbumViewController.swift */,
				F7EE83BD1C027FE3005D1F2C /* MapProperties.swift */,
				F70685601C033670009711DE /* PhotoAlbumCollectionViewCell.swift */,
				F725430E1C086421000911C5 /* Pin.swift */,
				F72543101C086A51000911C5 /* Photo.swift */,
				F72543121C086C0C000911C5 /* ImageCache.swift */,
				F72543141C087787000911C5 /* Model.xcdatamodeld */,
				F72543191C0AA0F0000911C5 /* Trip.swift */,
			);
			path = VirtualTourist2;
			sourceTree = "<group>";
		};
		F7EE839F1C022AFD005D1F2C /* VirtualTourist2Tests */ = {
			isa = PBXGroup;
			children = (
				F7EE83A01C022AFD005D1F2C /* VirtualTourist2Tests.swift */,
				F7EE83A21C022AFD005D1F2C /* Info.plist */,
			);
			path = VirtualTourist2Tests;
			sourceTree = "<group>";
		};
		F7EE83AA1C022AFD005D1F2C /* VirtualTourist2UITests */ = {
			isa = PBXGroup;
			children = (
				F7EE83AB1C022AFD005D1F2C /* VirtualTourist2UITests.swift */,
				F7EE83AD1C022AFD005D1F2C /* Info.plist */,
			);
			path = VirtualTourist2UITests;
			sourceTree = "<group>";
		};
/* End PBXGroup section */

/* Begin PBXNativeTarget section */
		F7EE83871C022AFC005D1F2C /* VirtualTourist2 */ = {
			isa = PBXNativeTarget;
			buildConfigurationList = F7EE83B01C022AFD005D1F2C /* Build configuration list for PBXNativeTarget "VirtualTourist2" */;
			buildPhases = (
				F7EE83841C022AFC005D1F2C /* Sources */,
				F7EE83851C022AFC005D1F2C /* Frameworks */,
				F7EE83861C022AFC005D1F2C /* Resources */,
			);
			buildRules = (
			);
			dependencies = (
			);
			name = VirtualTourist2;
			productName = VirtualTourist2;
			productReference = F7EE83881C022AFC005D1F2C /* VirtualTourist2.app */;
			productType = "com.apple.product-type.application";
		};
		F7EE839B1C022AFD005D1F2C /* VirtualTourist2Tests */ = {
			isa = PBXNativeTarget;
			buildConfigurationList = F7EE83B31C022AFD005D1F2C /* Build configuration list for PBXNativeTarget "VirtualTourist2Tests" */;
			buildPhases = (
				F7EE83981C022AFD005D1F2C /* Sources */,
				F7EE83991C022AFD005D1F2C /* Frameworks */,
				F7EE839A1C022AFD005D1F2C /* Resources */,
			);
			buildRules = (
			);
			dependencies = (
				F7EE839E1C022AFD005D1F2C /* PBXTargetDependency */,
			);
			name = VirtualTourist2Tests;
			productName = VirtualTourist2Tests;
			productReference = F7EE839C1C022AFD005D1F2C /* VirtualTourist2Tests.xctest */;
			productType = "com.apple.product-type.bundle.unit-test";
		};
		F7EE83A61C022AFD005D1F2C /* VirtualTourist2UITests */ = {
			isa = PBXNativeTarget;
			buildConfigurationList = F7EE83B61C022AFD005D1F2C /* Build configuration list for PBXNativeTarget "VirtualTourist2UITests" */;
			buildPhases = (
				F7EE83A31C022AFD005D1F2C /* Sources */,
				F7EE83A41C022AFD005D1F2C /* Frameworks */,
				F7EE83A51C022AFD005D1F2C /* Resources */,
			);
			buildRules = (
			);
			dependencies = (
				F7EE83A91C022AFD005D1F2C /* PBXTargetDependency */,
			);
			name = VirtualTourist2UITests;
			productName = VirtualTourist2UITests;
			productReference = F7EE83A71C022AFD005D1F2C /* VirtualTourist2UITests.xctest */;
			productType = "com.apple.product-type.bundle.ui-testing";
		};
/* End PBXNativeTarget section */

/* Begin PBXProject section */
		F7EE83801C022AFC005D1F2C /* Project object */ = {
			isa = PBXProject;
			attributes = {
				LastSwiftUpdateCheck = 0710;
				LastUpgradeCheck = 0710;
				ORGANIZATIONNAME = "Rodrigo Webler";
				TargetAttributes = {
					F7EE83871C022AFC005D1F2C = {
						CreatedOnToolsVersion = 7.1.1;
						DevelopmentTeam = N96JEJLPE8;
						SystemCapabilities = {
							com.apple.Maps.iOS = {
								enabled = 1;
							};
						};
					};
					F7EE839B1C022AFD005D1F2C = {
						CreatedOnToolsVersion = 7.1.1;
						TestTargetID = F7EE83871C022AFC005D1F2C;
					};
					F7EE83A61C022AFD005D1F2C = {
						CreatedOnToolsVersion = 7.1.1;
						TestTargetID = F7EE83871C022AFC005D1F2C;
					};
				};
			};
			buildConfigurationList = F7EE83831C022AFC005D1F2C /* Build configuration list for PBXProject "VirtualTourist2" */;
			compatibilityVersion = "Xcode 3.2";
			developmentRegion = English;
			hasScannedForEncodings = 0;
			knownRegions = (
				en,
				Base,
			);
			mainGroup = F7EE837F1C022AFC005D1F2C;
			productRefGroup = F7EE83891C022AFC005D1F2C /* Products */;
			projectDirPath = "";
			projectRoot = "";
			targets = (
				F7EE83871C022AFC005D1F2C /* VirtualTourist2 */,
				F7EE839B1C022AFD005D1F2C /* VirtualTourist2Tests */,
				F7EE83A61C022AFD005D1F2C /* VirtualTourist2UITests */,
			);
		};
/* End PBXProject section */

/* Begin PBXResourcesBuildPhase section */
		F7EE83861C022AFC005D1F2C /* Resources */ = {
			isa = PBXResourcesBuildPhase;
			buildActionMask = 2147483647;
			files = (
				F7EE83961C022AFD005D1F2C /* LaunchScreen.storyboard in Resources */,
				F7EE83931C022AFD005D1F2C /* Assets.xcassets in Resources */,
				F7EE83911C022AFD005D1F2C /* Main.storyboard in Resources */,
			);
			runOnlyForDeploymentPostprocessing = 0;
		};
		F7EE839A1C022AFD005D1F2C /* Resources */ = {
			isa = PBXResourcesBuildPhase;
			buildActionMask = 2147483647;
			files = (
			);
			runOnlyForDeploymentPostprocessing = 0;
		};
		F7EE83A51C022AFD005D1F2C /* Resources */ = {
			isa = PBXResourcesBuildPhase;
			buildActionMask = 2147483647;
			files = (
			);
			runOnlyForDeploymentPostprocessing = 0;
		};
/* End PBXResourcesBuildPhase section */

/* Begin PBXSourcesBuildPhase section */
		F7EE83841C022AFC005D1F2C /* Sources */ = {
			isa = PBXSourcesBuildPhase;
			buildActionMask = 2147483647;
			files = (
				F725431A1C0AA0F0000911C5 /* Trip.swift in Sources */,
				F72543111C086A51000911C5 /* Photo.swift in Sources */,
				F725430F1C086421000911C5 /* Pin.swift in Sources */,
				F72543181C08F8E7000911C5 /* CoreDataStackManager.swift in Sources */,
				F7EE838E1C022AFD005D1F2C /* MapViewController.swift in Sources */,
				F72543131C086C0C000911C5 /* ImageCache.swift in Sources */,
				F70685611C033670009711DE /* PhotoAlbumCollectionViewCell.swift in Sources */,
				F7EE83BE1C027FE3005D1F2C /* MapProperties.swift in Sources */,
				F70685631C03E06C009711DE /* FlickrFinder.swift in Sources */,
				F72543161C087787000911C5 /* Model.xcdatamodeld in Sources */,
				F7EE838C1C022AFD005D1F2C /* AppDelegate.swift in Sources */,
				F7EE83BC1C02529C005D1F2C /* PhotoAlbumViewController.swift in Sources */,
			);
			runOnlyForDeploymentPostprocessing = 0;
		};
		F7EE83981C022AFD005D1F2C /* Sources */ = {
			isa = PBXSourcesBuildPhase;
			buildActionMask = 2147483647;
			files = (
				F7EE83A11C022AFD005D1F2C /* VirtualTourist2Tests.swift in Sources */,
			);
			runOnlyForDeploymentPostprocessing = 0;
		};
		F7EE83A31C022AFD005D1F2C /* Sources */ = {
			isa = PBXSourcesBuildPhase;
			buildActionMask = 2147483647;
			files = (
				F7EE83AC1C022AFD005D1F2C /* VirtualTourist2UITests.swift in Sources */,
			);
			runOnlyForDeploymentPostprocessing = 0;
		};
/* End PBXSourcesBuildPhase section */

/* Begin PBXTargetDependency section */
		F7EE839E1C022AFD005D1F2C /* PBXTargetDependency */ = {
			isa = PBXTargetDependency;
			target = F7EE83871C022AFC005D1F2C /* VirtualTourist2 */;
			targetProxy = F7EE839D1C022AFD005D1F2C /* PBXContainerItemProxy */;
		};
		F7EE83A91C022AFD005D1F2C /* PBXTargetDependency */ = {
			isa = PBXTargetDependency;
			target = F7EE83871C022AFC005D1F2C /* VirtualTourist2 */;
			targetProxy = F7EE83A81C022AFD005D1F2C /* PBXContainerItemProxy */;
		};
/* End PBXTargetDependency section */

/* Begin PBXVariantGroup section */
		F7EE838F1C022AFD005D1F2C /* Main.storyboard */ = {
			isa = PBXVariantGroup;
			children = (
				F7EE83901C022AFD005D1F2C /* Base */,
			);
			name = Main.storyboard;
			sourceTree = "<group>";
		};
		F7EE83941C022AFD005D1F2C /* LaunchScreen.storyboard */ = {
			isa = PBXVariantGroup;
			children = (
				F7EE83951C022AFD005D1F2C /* Base */,
			);
			name = LaunchScreen.storyboard;
			sourceTree = "<group>";
		};
/* End PBXVariantGroup section */

/* Begin XCBuildConfiguration section */
		F7EE83AE1C022AFD005D1F2C /* Debug */ = {
			isa = XCBuildConfiguration;
			buildSettings = {
				ALWAYS_SEARCH_USER_PATHS = NO;
				CLANG_CXX_LANGUAGE_STANDARD = "gnu++0x";
				CLANG_CXX_LIBRARY = "libc++";
				CLANG_ENABLE_MODULES = YES;
				CLANG_ENABLE_OBJC_ARC = YES;
				CLANG_WARN_BOOL_CONVERSION = YES;
				CLANG_WARN_CONSTANT_CONVERSION = YES;
				CLANG_WARN_DIRECT_OBJC_ISA_USAGE = YES_ERROR;
				CLANG_WARN_EMPTY_BODY = YES;
				CLANG_WARN_ENUM_CONVERSION = YES;
				CLANG_WARN_INT_CONVERSION = YES;
				CLANG_WARN_OBJC_ROOT_CLASS = YES_ERROR;
				CLANG_WARN_UNREACHABLE_CODE = YES;
				CLANG_WARN__DUPLICATE_METHOD_MATCH = YES;
				"CODE_SIGN_IDENTITY[sdk=iphoneos*]" = "iPhone Developer";
				COPY_PHASE_STRIP = NO;
				DEBUG_INFORMATION_FORMAT = dwarf;
				ENABLE_STRICT_OBJC_MSGSEND = YES;
				ENABLE_TESTABILITY = YES;
				GCC_C_LANGUAGE_STANDARD = gnu99;
				GCC_DYNAMIC_NO_PIC = NO;
				GCC_NO_COMMON_BLOCKS = YES;
				GCC_OPTIMIZATION_LEVEL = 0;
				GCC_PREPROCESSOR_DEFINITIONS = (
					"DEBUG=1",
					"$(inherited)",
				);
				GCC_WARN_64_TO_32_BIT_CONVERSION = YES;
				GCC_WARN_ABOUT_RETURN_TYPE = YES_ERROR;
				GCC_WARN_UNDECLARED_SELECTOR = YES;
				GCC_WARN_UNINITIALIZED_AUTOS = YES_AGGRESSIVE;
				GCC_WARN_UNUSED_FUNCTION = YES;
				GCC_WARN_UNUSED_VARIABLE = YES;
				IPHONEOS_DEPLOYMENT_TARGET = 9.1;
				MTL_ENABLE_DEBUG_INFO = YES;
				ONLY_ACTIVE_ARCH = YES;
				SDKROOT = iphoneos;
				SWIFT_OPTIMIZATION_LEVEL = "-Onone";
			};
			name = Debug;
		};
		F7EE83AF1C022AFD005D1F2C /* Release */ = {
			isa = XCBuildConfiguration;
			buildSettings = {
				ALWAYS_SEARCH_USER_PATHS = NO;
				CLANG_CXX_LANGUAGE_STANDARD = "gnu++0x";
				CLANG_CXX_LIBRARY = "libc++";
				CLANG_ENABLE_MODULES = YES;
				CLANG_ENABLE_OBJC_ARC = YES;
				CLANG_WARN_BOOL_CONVERSION = YES;
				CLANG_WARN_CONSTANT_CONVERSION = YES;
				CLANG_WARN_DIRECT_OBJC_ISA_USAGE = YES_ERROR;
				CLANG_WARN_EMPTY_BODY = YES;
				CLANG_WARN_ENUM_CONVERSION = YES;
				CLANG_WARN_INT_CONVERSION = YES;
				CLANG_WARN_OBJC_ROOT_CLASS = YES_ERROR;
				CLANG_WARN_UNREACHABLE_CODE = YES;
				CLANG_WARN__DUPLICATE_METHOD_MATCH = YES;
				"CODE_SIGN_IDENTITY[sdk=iphoneos*]" = "iPhone Developer";
				COPY_PHASE_STRIP = NO;
				DEBUG_INFORMATION_FORMAT = "dwarf-with-dsym";
				ENABLE_NS_ASSERTIONS = NO;
				ENABLE_STRICT_OBJC_MSGSEND = YES;
				GCC_C_LANGUAGE_STANDARD = gnu99;
				GCC_NO_COMMON_BLOCKS = YES;
				GCC_WARN_64_TO_32_BIT_CONVERSION = YES;
				GCC_WARN_ABOUT_RETURN_TYPE = YES_ERROR;
				GCC_WARN_UNDECLARED_SELECTOR = YES;
				GCC_WARN_UNINITIALIZED_AUTOS = YES_AGGRESSIVE;
				GCC_WARN_UNUSED_FUNCTION = YES;
				GCC_WARN_UNUSED_VARIABLE = YES;
				IPHONEOS_DEPLOYMENT_TARGET = 9.1;
				MTL_ENABLE_DEBUG_INFO = NO;
				SDKROOT = iphoneos;
				VALIDATE_PRODUCT = YES;
			};
			name = Release;
		};
		F7EE83B11C022AFD005D1F2C /* Debug */ = {
			isa = XCBuildConfiguration;
			buildSettings = {
				ASSETCATALOG_COMPILER_APPICON_NAME = AppIcon;
				CODE_SIGN_IDENTITY = "iPhone Developer";
				INFOPLIST_FILE = VirtualTourist2/Info.plist;
				LD_RUNPATH_SEARCH_PATHS = "$(inherited) @executable_path/Frameworks";
				PRODUCT_BUNDLE_IDENTIFIER = com.rodrigowebler.VirtualTourist2;
				PRODUCT_NAME = "$(TARGET_NAME)";
			};
			name = Debug;
		};
		F7EE83B21C022AFD005D1F2C /* Release */ = {
			isa = XCBuildConfiguration;
			buildSettings = {
				ASSETCATALOG_COMPILER_APPICON_NAME = AppIcon;
				CODE_SIGN_IDENTITY = "iPhone Developer";
				INFOPLIST_FILE = VirtualTourist2/Info.plist;
				LD_RUNPATH_SEARCH_PATHS = "$(inherited) @executable_path/Frameworks";
				PRODUCT_BUNDLE_IDENTIFIER = com.rodrigowebler.VirtualTourist2;
				PRODUCT_NAME = "$(TARGET_NAME)";
			};
			name = Release;
		};
		F7EE83B41C022AFD005D1F2C /* Debug */ = {
			isa = XCBuildConfiguration;
			buildSettings = {
				BUNDLE_LOADER = "$(TEST_HOST)";
				INFOPLIST_FILE = VirtualTourist2Tests/Info.plist;
				LD_RUNPATH_SEARCH_PATHS = "$(inherited) @executable_path/Frameworks @loader_path/Frameworks";
				PRODUCT_BUNDLE_IDENTIFIER = com.rodrigowebler.VirtualTourist2Tests;
				PRODUCT_NAME = "$(TARGET_NAME)";
				TEST_HOST = "$(BUILT_PRODUCTS_DIR)/VirtualTourist2.app/VirtualTourist2";
			};
			name = Debug;
		};
		F7EE83B51C022AFD005D1F2C /* Release */ = {
			isa = XCBuildConfiguration;
			buildSettings = {
				BUNDLE_LOADER = "$(TEST_HOST)";
				INFOPLIST_FILE = VirtualTourist2Tests/Info.plist;
				LD_RUNPATH_SEARCH_PATHS = "$(inherited) @executable_path/Frameworks @loader_path/Frameworks";
				PRODUCT_BUNDLE_IDENTIFIER = com.rodrigowebler.VirtualTourist2Tests;
				PRODUCT_NAME = "$(TARGET_NAME)";
				TEST_HOST = "$(BUILT_PRODUCTS_DIR)/VirtualTourist2.app/VirtualTourist2";
			};
			name = Release;
		};
		F7EE83B71C022AFD005D1F2C /* Debug */ = {
			isa = XCBuildConfiguration;
			buildSettings = {
				INFOPLIST_FILE = VirtualTourist2UITests/Info.plist;
				LD_RUNPATH_SEARCH_PATHS = "$(inherited) @executable_path/Frameworks @loader_path/Frameworks";
				PRODUCT_BUNDLE_IDENTIFIER = com.rodrigowebler.VirtualTourist2UITests;
				PRODUCT_NAME = "$(TARGET_NAME)";
				TEST_TARGET_NAME = VirtualTourist2;
				USES_XCTRUNNER = YES;
			};
			name = Debug;
		};
		F7EE83B81C022AFD005D1F2C /* Release */ = {
			isa = XCBuildConfiguration;
			buildSettings = {
				INFOPLIST_FILE = VirtualTourist2UITests/Info.plist;
				LD_RUNPATH_SEARCH_PATHS = "$(inherited) @executable_path/Frameworks @loader_path/Frameworks";
				PRODUCT_BUNDLE_IDENTIFIER = com.rodrigowebler.VirtualTourist2UITests;
				PRODUCT_NAME = "$(TARGET_NAME)";
				TEST_TARGET_NAME = VirtualTourist2;
				USES_XCTRUNNER = YES;
			};
			name = Release;
		};
/* End XCBuildConfiguration section */

/* Begin XCConfigurationList section */
		F7EE83831C022AFC005D1F2C /* Build configuration list for PBXProject "VirtualTourist2" */ = {
			isa = XCConfigurationList;
			buildConfigurations = (
				F7EE83AE1C022AFD005D1F2C /* Debug */,
				F7EE83AF1C022AFD005D1F2C /* Release */,
			);
			defaultConfigurationIsVisible = 0;
			defaultConfigurationName = Release;
		};
		F7EE83B01C022AFD005D1F2C /* Build configuration list for PBXNativeTarget "VirtualTourist2" */ = {
			isa = XCConfigurationList;
			buildConfigurations = (
				F7EE83B11C022AFD005D1F2C /* Debug */,
				F7EE83B21C022AFD005D1F2C /* Release */,
			);
			defaultConfigurationIsVisible = 0;
			defaultConfigurationName = Release;
		};
		F7EE83B31C022AFD005D1F2C /* Build configuration list for PBXNativeTarget "VirtualTourist2Tests" */ = {
			isa = XCConfigurationList;
			buildConfigurations = (
				F7EE83B41C022AFD005D1F2C /* Debug */,
				F7EE83B51C022AFD005D1F2C /* Release */,
			);
			defaultConfigurationIsVisible = 0;
			defaultConfigurationName = Release;
		};
		F7EE83B61C022AFD005D1F2C /* Build configuration list for PBXNativeTarget "VirtualTourist2UITests" */ = {
			isa = XCConfigurationList;
			buildConfigurations = (
				F7EE83B71C022AFD005D1F2C /* Debug */,
				F7EE83B81C022AFD005D1F2C /* Release */,
			);
			defaultConfigurationIsVisible = 0;
			defaultConfigurationName = Release;
		};
/* End XCConfigurationList section */

/* Begin XCVersionGroup section */
		F72543141C087787000911C5 /* Model.xcdatamodeld */ = {
			isa = XCVersionGroup;
			children = (
				F72543151C087787000911C5 /* Model.xcdatamodel */,
			);
			currentVersion = F72543151C087787000911C5 /* Model.xcdatamodel */;
			path = Model.xcdatamodeld;
			sourceTree = "<group>";
			versionGroupType = wrapper.xcdatamodel;
		};
/* End XCVersionGroup section */
	};
	rootObject = F7EE83801C022AFC005D1F2C /* Project object */;
}
